// !$*UTF8*$!
{
	archiveVersion = 1;
	classes = {
	};
	objectVersion = 50;
	objects = {

/* Begin PBXBuildFile section */
		3852E0B226CA025F002DF075 /* SettingsViewController.swift in Sources */ = {isa = PBXBuildFile; fileRef = 3852E0B126CA025F002DF075 /* SettingsViewController.swift */; };
		38FB696426C8D1CC00D569A1 /* AppDelegate.swift in Sources */ = {isa = PBXBuildFile; fileRef = 38FB696326C8D1CC00D569A1 /* AppDelegate.swift */; };
		38FB696626C8D1CC00D569A1 /* SceneDelegate.swift in Sources */ = {isa = PBXBuildFile; fileRef = 38FB696526C8D1CC00D569A1 /* SceneDelegate.swift */; };
		38FB696826C8D1CC00D569A1 /* ViewController.swift in Sources */ = {isa = PBXBuildFile; fileRef = 38FB696726C8D1CC00D569A1 /* ViewController.swift */; };
		38FB696B26C8D1CC00D569A1 /* Main.storyboard in Resources */ = {isa = PBXBuildFile; fileRef = 38FB696926C8D1CC00D569A1 /* Main.storyboard */; };
		38FB696D26C8D1CE00D569A1 /* Assets.xcassets in Resources */ = {isa = PBXBuildFile; fileRef = 38FB696C26C8D1CE00D569A1 /* Assets.xcassets */; };
		38FB697026C8D1CE00D569A1 /* LaunchScreen.storyboard in Resources */ = {isa = PBXBuildFile; fileRef = 38FB696E26C8D1CE00D569A1 /* LaunchScreen.storyboard */; };
		38FB697B26C8D1CE00D569A1 /* ios_Tip_CalculatorTests.swift in Sources */ = {isa = PBXBuildFile; fileRef = 38FB697A26C8D1CE00D569A1 /* ios_Tip_CalculatorTests.swift */; };
		38FB698626C8D1CE00D569A1 /* ios_Tip_CalculatorUITests.swift in Sources */ = {isa = PBXBuildFile; fileRef = 38FB698526C8D1CE00D569A1 /* ios_Tip_CalculatorUITests.swift */; };
/* End PBXBuildFile section */

/* Begin PBXContainerItemProxy section */
		38FB697726C8D1CE00D569A1 /* PBXContainerItemProxy */ = {
			isa = PBXContainerItemProxy;
			containerPortal = 38FB695826C8D1CC00D569A1 /* Project object */;
			proxyType = 1;
			remoteGlobalIDString = 38FB695F26C8D1CC00D569A1;
			remoteInfo = "ios Tip Calculator";
		};
		38FB698226C8D1CE00D569A1 /* PBXContainerItemProxy */ = {
			isa = PBXContainerItemProxy;
			containerPortal = 38FB695826C8D1CC00D569A1 /* Project object */;
			proxyType = 1;
			remoteGlobalIDString = 38FB695F26C8D1CC00D569A1;
			remoteInfo = "ios Tip Calculator";
		};
/* End PBXContainerItemProxy section */

/* Begin PBXFileReference section */
		3852E0B126CA025F002DF075 /* SettingsViewController.swift */ = {isa = PBXFileReference; lastKnownFileType = sourcecode.swift; path = SettingsViewController.swift; sourceTree = "<group>"; };
		38FB696026C8D1CC00D569A1 /* ios Tip Calculator.app */ = {isa = PBXFileReference; explicitFileType = wrapper.application; includeInIndex = 0; path = "ios Tip Calculator.app"; sourceTree = BUILT_PRODUCTS_DIR; };
		38FB696326C8D1CC00D569A1 /* AppDelegate.swift */ = {isa = PBXFileReference; lastKnownFileType = sourcecode.swift; path = AppDelegate.swift; sourceTree = "<group>"; };
		38FB696526C8D1CC00D569A1 /* SceneDelegate.swift */ = {isa = PBXFileReference; lastKnownFileType = sourcecode.swift; path = SceneDelegate.swift; sourceTree = "<group>"; };
		38FB696726C8D1CC00D569A1 /* ViewController.swift */ = {isa = PBXFileReference; lastKnownFileType = sourcecode.swift; path = ViewController.swift; sourceTree = "<group>"; };
		38FB696A26C8D1CC00D569A1 /* Base */ = {isa = PBXFileReference; lastKnownFileType = file.storyboard; name = Base; path = Base.lproj/Main.storyboard; sourceTree = "<group>"; };
		38FB696C26C8D1CE00D569A1 /* Assets.xcassets */ = {isa = PBXFileReference; lastKnownFileType = folder.assetcatalog; path = Assets.xcassets; sourceTree = "<group>"; };
		38FB696F26C8D1CE00D569A1 /* Base */ = {isa = PBXFileReference; lastKnownFileType = file.storyboard; name = Base; path = Base.lproj/LaunchScreen.storyboard; sourceTree = "<group>"; };
		38FB697126C8D1CE00D569A1 /* Info.plist */ = {isa = PBXFileReference; lastKnownFileType = text.plist.xml; path = Info.plist; sourceTree = "<group>"; };
		38FB697626C8D1CE00D569A1 /* ios Tip CalculatorTests.xctest */ = {isa = PBXFileReference; explicitFileType = wrapper.cfbundle; includeInIndex = 0; path = "ios Tip CalculatorTests.xctest"; sourceTree = BUILT_PRODUCTS_DIR; };
		38FB697A26C8D1CE00D569A1 /* ios_Tip_CalculatorTests.swift */ = {isa = PBXFileReference; lastKnownFileType = sourcecode.swift; path = ios_Tip_CalculatorTests.swift; sourceTree = "<group>"; };
		38FB697C26C8D1CE00D569A1 /* Info.plist */ = {isa = PBXFileReference; lastKnownFileType = text.plist.xml; path = Info.plist; sourceTree = "<group>"; };
		38FB698126C8D1CE00D569A1 /* ios Tip CalculatorUITests.xctest */ = {isa = PBXFileReference; explicitFileType = wrapper.cfbundle; includeInIndex = 0; path = "ios Tip CalculatorUITests.xctest"; sourceTree = BUILT_PRODUCTS_DIR; };
		38FB698526C8D1CE00D569A1 /* ios_Tip_CalculatorUITests.swift */ = {isa = PBXFileReference; lastKnownFileType = sourcecode.swift; path = ios_Tip_CalculatorUITests.swift; sourceTree = "<group>"; };
		38FB698726C8D1CE00D569A1 /* Info.plist */ = {isa = PBXFileReference; lastKnownFileType = text.plist.xml; path = Info.plist; sourceTree = "<group>"; };
/* End PBXFileReference section */

/* Begin PBXFrameworksBuildPhase section */
		38FB695D26C8D1CC00D569A1 /* Frameworks */ = {
			isa = PBXFrameworksBuildPhase;
			buildActionMask = 2147483647;
			files = (
			);
			runOnlyForDeploymentPostprocessing = 0;
		};
		38FB697326C8D1CE00D569A1 /* Frameworks */ = {
			isa = PBXFrameworksBuildPhase;
			buildActionMask = 2147483647;
			files = (
			);
			runOnlyForDeploymentPostprocessing = 0;
		};
		38FB697E26C8D1CE00D569A1 /* Frameworks */ = {
			isa = PBXFrameworksBuildPhase;
			buildActionMask = 2147483647;
			files = (
			);
			runOnlyForDeploymentPostprocessing = 0;
		};
/* End PBXFrameworksBuildPhase section */

/* Begin PBXGroup section */
		38FB695726C8D1CC00D569A1 = {
			isa = PBXGroup;
			children = (
				3852E0B126CA025F002DF075 /* SettingsViewController.swift */,
				38FB696226C8D1CC00D569A1 /* ios Tip Calculator */,
				38FB697926C8D1CE00D569A1 /* ios Tip CalculatorTests */,
				38FB698426C8D1CE00D569A1 /* ios Tip CalculatorUITests */,
				38FB696126C8D1CC00D569A1 /* Products */,
			);
			sourceTree = "<group>";
		};
		38FB696126C8D1CC00D569A1 /* Products */ = {
			isa = PBXGroup;
			children = (
				38FB696026C8D1CC00D569A1 /* ios Tip Calculator.app */,
				38FB697626C8D1CE00D569A1 /* ios Tip CalculatorTests.xctest */,
				38FB698126C8D1CE00D569A1 /* ios Tip CalculatorUITests.xctest */,
			);
			name = Products;
			sourceTree = "<group>";
		};
		38FB696226C8D1CC00D569A1 /* ios Tip Calculator */ = {
			isa = PBXGroup;
			children = (
				38FB696326C8D1CC00D569A1 /* AppDelegate.swift */,
				38FB696526C8D1CC00D569A1 /* SceneDelegate.swift */,
				38FB696726C8D1CC00D569A1 /* ViewController.swift */,
				38FB696926C8D1CC00D569A1 /* Main.storyboard */,
				38FB696C26C8D1CE00D569A1 /* Assets.xcassets */,
				38FB696E26C8D1CE00D569A1 /* LaunchScreen.storyboard */,
				38FB697126C8D1CE00D569A1 /* Info.plist */,
			);
			path = "ios Tip Calculator";
			sourceTree = "<group>";
		};
		38FB697926C8D1CE00D569A1 /* ios Tip CalculatorTests */ = {
			isa = PBXGroup;
			children = (
				38FB697A26C8D1CE00D569A1 /* ios_Tip_CalculatorTests.swift */,
				38FB697C26C8D1CE00D569A1 /* Info.plist */,
			);
			path = "ios Tip CalculatorTests";
			sourceTree = "<group>";
		};
		38FB698426C8D1CE00D569A1 /* ios Tip CalculatorUITests */ = {
			isa = PBXGroup;
			children = (
				38FB698526C8D1CE00D569A1 /* ios_Tip_CalculatorUITests.swift */,
				38FB698726C8D1CE00D569A1 /* Info.plist */,
			);
			path = "ios Tip CalculatorUITests";
			sourceTree = "<group>";
		};
/* End PBXGroup section */

/* Begin PBXNativeTarget section */
		38FB695F26C8D1CC00D569A1 /* ios Tip Calculator */ = {
			isa = PBXNativeTarget;
			buildConfigurationList = 38FB698A26C8D1CE00D569A1 /* Build configuration list for PBXNativeTarget "ios Tip Calculator" */;
			buildPhases = (
				38FB695C26C8D1CC00D569A1 /* Sources */,
				38FB695D26C8D1CC00D569A1 /* Frameworks */,
				38FB695E26C8D1CC00D569A1 /* Resources */,
			);
			buildRules = (
			);
			dependencies = (
			);
			name = "ios Tip Calculator";
			productName = "ios Tip Calculator";
			productReference = 38FB696026C8D1CC00D569A1 /* ios Tip Calculator.app */;
			productType = "com.apple.product-type.application";
		};
		38FB697526C8D1CE00D569A1 /* ios Tip CalculatorTests */ = {
			isa = PBXNativeTarget;
			buildConfigurationList = 38FB698D26C8D1CE00D569A1 /* Build configuration list for PBXNativeTarget "ios Tip CalculatorTests" */;
			buildPhases = (
				38FB697226C8D1CE00D569A1 /* Sources */,
				38FB697326C8D1CE00D569A1 /* Frameworks */,
				38FB697426C8D1CE00D569A1 /* Resources */,
			);
			buildRules = (
			);
			dependencies = (
				38FB697826C8D1CE00D569A1 /* PBXTargetDependency */,
			);
			name = "ios Tip CalculatorTests";
			productName = "ios Tip CalculatorTests";
			productReference = 38FB697626C8D1CE00D569A1 /* ios Tip CalculatorTests.xctest */;
			productType = "com.apple.product-type.bundle.unit-test";
		};
		38FB698026C8D1CE00D569A1 /* ios Tip CalculatorUITests */ = {
			isa = PBXNativeTarget;
			buildConfigurationList = 38FB699026C8D1CE00D569A1 /* Build configuration list for PBXNativeTarget "ios Tip CalculatorUITests" */;
			buildPhases = (
				38FB697D26C8D1CE00D569A1 /* Sources */,
				38FB697E26C8D1CE00D569A1 /* Frameworks */,
				38FB697F26C8D1CE00D569A1 /* Resources */,
			);
			buildRules = (
			);
			dependencies = (
				38FB698326C8D1CE00D569A1 /* PBXTargetDependency */,
			);
			name = "ios Tip CalculatorUITests";
			productName = "ios Tip CalculatorUITests";
			productReference = 38FB698126C8D1CE00D569A1 /* ios Tip CalculatorUITests.xctest */;
			productType = "com.apple.product-type.bundle.ui-testing";
		};
/* End PBXNativeTarget section */

/* Begin PBXProject section */
		38FB695826C8D1CC00D569A1 /* Project object */ = {
			isa = PBXProject;
			attributes = {
				LastSwiftUpdateCheck = 1250;
				LastUpgradeCheck = 1250;
				TargetAttributes = {
					38FB695F26C8D1CC00D569A1 = {
						CreatedOnToolsVersion = 12.5.1;
					};
					38FB697526C8D1CE00D569A1 = {
						CreatedOnToolsVersion = 12.5.1;
						TestTargetID = 38FB695F26C8D1CC00D569A1;
					};
					38FB698026C8D1CE00D569A1 = {
						CreatedOnToolsVersion = 12.5.1;
						TestTargetID = 38FB695F26C8D1CC00D569A1;
					};
				};
			};
			buildConfigurationList = 38FB695B26C8D1CC00D569A1 /* Build configuration list for PBXProject "ios Tip Calculator" */;
			compatibilityVersion = "Xcode 9.3";
			developmentRegion = en;
			hasScannedForEncodings = 0;
			knownRegions = (
				en,
				Base,
			);
			mainGroup = 38FB695726C8D1CC00D569A1;
			productRefGroup = 38FB696126C8D1CC00D569A1 /* Products */;
			projectDirPath = "";
			projectRoot = "";
			targets = (
				38FB695F26C8D1CC00D569A1 /* ios Tip Calculator */,
				38FB697526C8D1CE00D569A1 /* ios Tip CalculatorTests */,
				38FB698026C8D1CE00D569A1 /* ios Tip CalculatorUITests */,
			);
		};
/* End PBXProject section */

/* Begin PBXResourcesBuildPhase section */
		38FB695E26C8D1CC00D569A1 /* Resources */ = {
			isa = PBXResourcesBuildPhase;
			buildActionMask = 2147483647;
			files = (
				38FB697026C8D1CE00D569A1 /* LaunchScreen.storyboard in Resources */,
				38FB696D26C8D1CE00D569A1 /* Assets.xcassets in Resources */,
				38FB696B26C8D1CC00D569A1 /* Main.storyboard in Resources */,
			);
			runOnlyForDeploymentPostprocessing = 0;
		};
		38FB697426C8D1CE00D569A1 /* Resources */ = {
			isa = PBXResourcesBuildPhase;
			buildActionMask = 2147483647;
			files = (
			);
			runOnlyForDeploymentPostprocessing = 0;
		};
		38FB697F26C8D1CE00D569A1 /* Resources */ = {
			isa = PBXResourcesBuildPhase;
			buildActionMask = 2147483647;
			files = (
			);
			runOnlyForDeploymentPostprocessing = 0;
		};
/* End PBXResourcesBuildPhase section */

/* Begin PBXSourcesBuildPhase section */
		38FB695C26C8D1CC00D569A1 /* Sources */ = {
			isa = PBXSourcesBuildPhase;
			buildActionMask = 2147483647;
			files = (
				38FB696826C8D1CC00D569A1 /* ViewController.swift in Sources */,
				38FB696426C8D1CC00D569A1 /* AppDelegate.swift in Sources */,
				38FB696626C8D1CC00D569A1 /* SceneDelegate.swift in Sources */,
				3852E0B226CA025F002DF075 /* SettingsViewController.swift in Sources */,
			);
			runOnlyForDeploymentPostprocessing = 0;
		};
		38FB697226C8D1CE00D569A1 /* Sources */ = {
			isa = PBXSourcesBuildPhase;
			buildActionMask = 2147483647;
			files = (
				38FB697B26C8D1CE00D569A1 /* ios_Tip_CalculatorTests.swift in Sources */,
			);
			runOnlyForDeploymentPostprocessing = 0;
		};
		38FB697D26C8D1CE00D569A1 /* Sources */ = {
			isa = PBXSourcesBuildPhase;
			buildActionMask = 2147483647;
			files = (
				38FB698626C8D1CE00D569A1 /* ios_Tip_CalculatorUITests.swift in Sources */,
			);
			runOnlyForDeploymentPostprocessing = 0;
		};
/* End PBXSourcesBuildPhase section */

/* Begin PBXTargetDependency section */
		38FB697826C8D1CE00D569A1 /* PBXTargetDependency */ = {
			isa = PBXTargetDependency;
			target = 38FB695F26C8D1CC00D569A1 /* ios Tip Calculator */;
			targetProxy = 38FB697726C8D1CE00D569A1 /* PBXContainerItemProxy */;
		};
		38FB698326C8D1CE00D569A1 /* PBXTargetDependency */ = {
			isa = PBXTargetDependency;
			target = 38FB695F26C8D1CC00D569A1 /* ios Tip Calculator */;
			targetProxy = 38FB698226C8D1CE00D569A1 /* PBXContainerItemProxy */;
		};
/* End PBXTargetDependency section */

/* Begin PBXVariantGroup section */
		38FB696926C8D1CC00D569A1 /* Main.storyboard */ = {
			isa = PBXVariantGroup;
			children = (
				38FB696A26C8D1CC00D569A1 /* Base */,
			);
			name = Main.storyboard;
			sourceTree = "<group>";
		};
		38FB696E26C8D1CE00D569A1 /* LaunchScreen.storyboard */ = {
			isa = PBXVariantGroup;
			children = (
				38FB696F26C8D1CE00D569A1 /* Base */,
			);
			name = LaunchScreen.storyboard;
			sourceTree = "<group>";
		};
/* End PBXVariantGroup section */

/* Begin XCBuildConfiguration section */
		38FB698826C8D1CE00D569A1 /* Debug */ = {
			isa = XCBuildConfiguration;
			buildSettings = {
				ALWAYS_SEARCH_USER_PATHS = NO;
				CLANG_ANALYZER_NONNULL = YES;
				CLANG_ANALYZER_NUMBER_OBJECT_CONVERSION = YES_AGGRESSIVE;
				CLANG_CXX_LANGUAGE_STANDARD = "gnu++14";
				CLANG_CXX_LIBRARY = "libc++";
				CLANG_ENABLE_MODULES = YES;
				CLANG_ENABLE_OBJC_ARC = YES;
				CLANG_ENABLE_OBJC_WEAK = YES;
				CLANG_WARN_BLOCK_CAPTURE_AUTORELEASING = YES;
				CLANG_WARN_BOOL_CONVERSION = YES;
				CLANG_WARN_COMMA = YES;
				CLANG_WARN_CONSTANT_CONVERSION = YES;
				CLANG_WARN_DEPRECATED_OBJC_IMPLEMENTATIONS = YES;
				CLANG_WARN_DIRECT_OBJC_ISA_USAGE = YES_ERROR;
				CLANG_WARN_DOCUMENTATION_COMMENTS = YES;
				CLANG_WARN_EMPTY_BODY = YES;
				CLANG_WARN_ENUM_CONVERSION = YES;
				CLANG_WARN_INFINITE_RECURSION = YES;
				CLANG_WARN_INT_CONVERSION = YES;
				CLANG_WARN_NON_LITERAL_NULL_CONVERSION = YES;
				CLANG_WARN_OBJC_IMPLICIT_RETAIN_SELF = YES;
				CLANG_WARN_OBJC_LITERAL_CONVERSION = YES;
				CLANG_WARN_OBJC_ROOT_CLASS = YES_ERROR;
				CLANG_WARN_QUOTED_INCLUDE_IN_FRAMEWORK_HEADER = YES;
				CLANG_WARN_RANGE_LOOP_ANALYSIS = YES;
				CLANG_WARN_STRICT_PROTOTYPES = YES;
				CLANG_WARN_SUSPICIOUS_MOVE = YES;
				CLANG_WARN_UNGUARDED_AVAILABILITY = YES_AGGRESSIVE;
				CLANG_WARN_UNREACHABLE_CODE = YES;
				CLANG_WARN__DUPLICATE_METHOD_MATCH = YES;
				COPY_PHASE_STRIP = NO;
				DEBUG_INFORMATION_FORMAT = dwarf;
				ENABLE_STRICT_OBJC_MSGSEND = YES;
				ENABLE_TESTABILITY = YES;
				GCC_C_LANGUAGE_STANDARD = gnu11;
				GCC_DYNAMIC_NO_PIC = NO;
				GCC_NO_COMMON_BLOCKS = YES;
				GCC_OPTIMIZATION_LEVEL = 0;
				GCC_PREPROCESSOR_DEFINITIONS = (
					"DEBUG=1",
					"$(inherited)",
				);
				GCC_WARN_64_TO_32_BIT_CONVERSION = YES;
				GCC_WARN_ABOUT_RETURN_TYPE = YES_ERROR;
				GCC_WARN_UNDECLARED_SELECTOR = YES;
				GCC_WARN_UNINITIALIZED_AUTOS = YES_AGGRESSIVE;
				GCC_WARN_UNUSED_FUNCTION = YES;
				GCC_WARN_UNUSED_VARIABLE = YES;
				IPHONEOS_DEPLOYMENT_TARGET = 14.5;
				MTL_ENABLE_DEBUG_INFO = INCLUDE_SOURCE;
				MTL_FAST_MATH = YES;
				ONLY_ACTIVE_ARCH = YES;
				SDKROOT = iphoneos;
				SWIFT_ACTIVE_COMPILATION_CONDITIONS = DEBUG;
				SWIFT_OPTIMIZATION_LEVEL = "-Onone";
			};
			name = Debug;
		};
		38FB698926C8D1CE00D569A1 /* Release */ = {
			isa = XCBuildConfiguration;
			buildSettings = {
				ALWAYS_SEARCH_USER_PATHS = NO;
				CLANG_ANALYZER_NONNULL = YES;
				CLANG_ANALYZER_NUMBER_OBJECT_CONVERSION = YES_AGGRESSIVE;
				CLANG_CXX_LANGUAGE_STANDARD = "gnu++14";
				CLANG_CXX_LIBRARY = "libc++";
				CLANG_ENABLE_MODULES = YES;
				CLANG_ENABLE_OBJC_ARC = YES;
				CLANG_ENABLE_OBJC_WEAK = YES;
				CLANG_WARN_BLOCK_CAPTURE_AUTORELEASING = YES;
				CLANG_WARN_BOOL_CONVERSION = YES;
				CLANG_WARN_COMMA = YES;
				CLANG_WARN_CONSTANT_CONVERSION = YES;
				CLANG_WARN_DEPRECATED_OBJC_IMPLEMENTATIONS = YES;
				CLANG_WARN_DIRECT_OBJC_ISA_USAGE = YES_ERROR;
				CLANG_WARN_DOCUMENTATION_COMMENTS = YES;
				CLANG_WARN_EMPTY_BODY = YES;
				CLANG_WARN_ENUM_CONVERSION = YES;
				CLANG_WARN_INFINITE_RECURSION = YES;
				CLANG_WARN_INT_CONVERSION = YES;
				CLANG_WARN_NON_LITERAL_NULL_CONVERSION = YES;
				CLANG_WARN_OBJC_IMPLICIT_RETAIN_SELF = YES;
				CLANG_WARN_OBJC_LITERAL_CONVERSION = YES;
				CLANG_WARN_OBJC_ROOT_CLASS = YES_ERROR;
				CLANG_WARN_QUOTED_INCLUDE_IN_FRAMEWORK_HEADER = YES;
				CLANG_WARN_RANGE_LOOP_ANALYSIS = YES;
				CLANG_WARN_STRICT_PROTOTYPES = YES;
				CLANG_WARN_SUSPICIOUS_MOVE = YES;
				CLANG_WARN_UNGUARDED_AVAILABILITY = YES_AGGRESSIVE;
				CLANG_WARN_UNREACHABLE_CODE = YES;
				CLANG_WARN__DUPLICATE_METHOD_MATCH = YES;
				COPY_PHASE_STRIP = NO;
				DEBUG_INFORMATION_FORMAT = "dwarf-with-dsym";
				ENABLE_NS_ASSERTIONS = NO;
				ENABLE_STRICT_OBJC_MSGSEND = YES;
				GCC_C_LANGUAGE_STANDARD = gnu11;
				GCC_NO_COMMON_BLOCKS = YES;
				GCC_WARN_64_TO_32_BIT_CONVERSION = YES;
				GCC_WARN_ABOUT_RETURN_TYPE = YES_ERROR;
				GCC_WARN_UNDECLARED_SELECTOR = YES;
				GCC_WARN_UNINITIALIZED_AUTOS = YES_AGGRESSIVE;
				GCC_WARN_UNUSED_FUNCTION = YES;
				GCC_WARN_UNUSED_VARIABLE = YES;
				IPHONEOS_DEPLOYMENT_TARGET = 14.5;
				MTL_ENABLE_DEBUG_INFO = NO;
				MTL_FAST_MATH = YES;
				SDKROOT = iphoneos;
				SWIFT_COMPILATION_MODE = wholemodule;
				SWIFT_OPTIMIZATION_LEVEL = "-O";
				VALIDATE_PRODUCT = YES;
			};
			name = Release;
		};
		38FB698B26C8D1CE00D569A1 /* Debug */ = {
			isa = XCBuildConfiguration;
			buildSettings = {
				ASSETCATALOG_COMPILER_APPICON_NAME = AppIcon;
				ASSETCATALOG_COMPILER_GLOBAL_ACCENT_COLOR_NAME = AccentColor;
				CODE_SIGN_STYLE = Automatic;
				DEVELOPMENT_TEAM = 77J376Z89V;
				INFOPLIST_FILE = "ios Tip Calculator/Info.plist";
				LD_RUNPATH_SEARCH_PATHS = (
					"$(inherited)",
					"@executable_path/Frameworks",
				);
				PRODUCT_BUNDLE_IDENTIFIER = "memo.com.ios-Tip-Calculator";
				PRODUCT_NAME = "$(TARGET_NAME)";
				SWIFT_VERSION = 5.0;
				TARGETED_DEVICE_FAMILY = "1,2";
			};
			name = Debug;
		};
		38FB698C26C8D1CE00D569A1 /* Release */ = {
			isa = XCBuildConfiguration;
			buildSettings = {
				ASSETCATALOG_COMPILER_APPICON_NAME = AppIcon;
				ASSETCATALOG_COMPILER_GLOBAL_ACCENT_COLOR_NAME = AccentColor;
				CODE_SIGN_STYLE = Automatic;
				DEVELOPMENT_TEAM = 77J376Z89V;
				INFOPLIST_FILE = "ios Tip Calculator/Info.plist";
				LD_RUNPATH_SEARCH_PATHS = (
					"$(inherited)",
					"@executable_path/Frameworks",
				);
				PRODUCT_BUNDLE_IDENTIFIER = "memo.com.ios-Tip-Calculator";
				PRODUCT_NAME = "$(TARGET_NAME)";
				SWIFT_VERSION = 5.0;
				TARGETED_DEVICE_FAMILY = "1,2";
			};
			name = Release;
		};
		38FB698E26C8D1CE00D569A1 /* Debug */ = {
			isa = XCBuildConfiguration;
			buildSettings = {
				ALWAYS_EMBED_SWIFT_STANDARD_LIBRARIES = YES;
				BUNDLE_LOADER = "$(TEST_HOST)";
				CODE_SIGN_STYLE = Automatic;
				DEVELOPMENT_TEAM = 77J376Z89V;
				INFOPLIST_FILE = "ios Tip CalculatorTests/Info.plist";
				IPHONEOS_DEPLOYMENT_TARGET = 14.5;
				LD_RUNPATH_SEARCH_PATHS = (
					"$(inherited)",
					"@executable_path/Frameworks",
					"@loader_path/Frameworks",
				);
				PRODUCT_BUNDLE_IDENTIFIER = "memo.com.ios-Tip-CalculatorTests";
				PRODUCT_NAME = "$(TARGET_NAME)";
				SWIFT_VERSION = 5.0;
				TARGETED_DEVICE_FAMILY = "1,2";
				TEST_HOST = "$(BUILT_PRODUCTS_DIR)/ios Tip Calculator.app/ios Tip Calculator";
			};
			name = Debug;
		};
		38FB698F26C8D1CE00D569A1 /* Release */ = {
			isa = XCBuildConfiguration;
			buildSettings = {
				ALWAYS_EMBED_SWIFT_STANDARD_LIBRARIES = YES;
				BUNDLE_LOADER = "$(TEST_HOST)";
				CODE_SIGN_STYLE = Automatic;
				DEVELOPMENT_TEAM = 77J376Z89V;
				INFOPLIST_FILE = "ios Tip CalculatorTests/Info.plist";
				IPHONEOS_DEPLOYMENT_TARGET = 14.5;
				LD_RUNPATH_SEARCH_PATHS = (
					"$(inherited)",
					"@executable_path/Frameworks",
					"@loader_path/Frameworks",
				);
				PRODUCT_BUNDLE_IDENTIFIER = "memo.com.ios-Tip-CalculatorTests";
				PRODUCT_NAME = "$(TARGET_NAME)";
				SWIFT_VERSION = 5.0;
				TARGETED_DEVICE_FAMILY = "1,2";
				TEST_HOST = "$(BUILT_PRODUCTS_DIR)/ios Tip Calculator.app/ios Tip Calculator";
			};
			name = Release;
		};
		38FB699126C8D1CE00D569A1 /* Debug */ = {
			isa = XCBuildConfiguration;
			buildSettings = {
				ALWAYS_EMBED_SWIFT_STANDARD_LIBRARIES = YES;
				CODE_SIGN_STYLE = Automatic;
				DEVELOPMENT_TEAM = 77J376Z89V;
				INFOPLIST_FILE = "ios Tip CalculatorUITests/Info.plist";
				LD_RUNPATH_SEARCH_PATHS = (
					"$(inherited)",
					"@executable_path/Frameworks",
					"@loader_path/Frameworks",
				);
				PRODUCT_BUNDLE_IDENTIFIER = "memo.com.ios-Tip-CalculatorUITests";
				PRODUCT_NAME = "$(TARGET_NAME)";
				SWIFT_VERSION = 5.0;
				TARGETED_DEVICE_FAMILY = "1,2";
				TEST_TARGET_NAME = "ios Tip Calculator";
			};
			name = Debug;
		};
		38FB699226C8D1CE00D569A1 /* Release */ = {
			isa = XCBuildConfiguration;
			buildSettings = {
				ALWAYS_EMBED_SWIFT_STANDARD_LIBRARIES = YES;
				CODE_SIGN_STYLE = Automatic;
				DEVELOPMENT_TEAM = 77J376Z89V;
				INFOPLIST_FILE = "ios Tip CalculatorUITests/Info.plist";
				LD_RUNPATH_SEARCH_PATHS = (
					"$(inherited)",
					"@executable_path/Frameworks",
					"@loader_path/Frameworks",
				);
				PRODUCT_BUNDLE_IDENTIFIER = "memo.com.ios-Tip-CalculatorUITests";
				PRODUCT_NAME = "$(TARGET_NAME)";
				SWIFT_VERSION = 5.0;
				TARGETED_DEVICE_FAMILY = "1,2";
				TEST_TARGET_NAME = "ios Tip Calculator";
			};
			name = Release;
		};
/* End XCBuildConfiguration section */

/* Begin XCConfigurationList section */
		38FB695B26C8D1CC00D569A1 /* Build configuration list for PBXProject "ios Tip Calculator" */ = {
			isa = XCConfigurationList;
			buildConfigurations = (
				38FB698826C8D1CE00D569A1 /* Debug */,
				38FB698926C8D1CE00D569A1 /* Release */,
			);
			defaultConfigurationIsVisible = 0;
			defaultConfigurationName = Release;
		};
		38FB698A26C8D1CE00D569A1 /* Build configuration list for PBXNativeTarget "ios Tip Calculator" */ = {
			isa = XCConfigurationList;
			buildConfigurations = (
				38FB698B26C8D1CE00D569A1 /* Debug */,
				38FB698C26C8D1CE00D569A1 /* Release */,
			);
			defaultConfigurationIsVisible = 0;
			defaultConfigurationName = Release;
		};
		38FB698D26C8D1CE00D569A1 /* Build configuration list for PBXNativeTarget "ios Tip CalculatorTests" */ = {
			isa = XCConfigurationList;
			buildConfigurations = (
				38FB698E26C8D1CE00D569A1 /* Debug */,
				38FB698F26C8D1CE00D569A1 /* Release */,
			);
			defaultConfigurationIsVisible = 0;
			defaultConfigurationName = Release;
		};
		38FB699026C8D1CE00D569A1 /* Build configuration list for PBXNativeTarget "ios Tip CalculatorUITests" */ = {
			isa = XCConfigurationList;
			buildConfigurations = (
				38FB699126C8D1CE00D569A1 /* Debug */,
				38FB699226C8D1CE00D569A1 /* Release */,
			);
			defaultConfigurationIsVisible = 0;
			defaultConfigurationName = Release;
		};
/* End XCConfigurationList section */
	};
	rootObject = 38FB695826C8D1CC00D569A1 /* Project object */;
}
